
Microsoft Visual Studio Solution File, Format Version 12.00
# Visual Studio Version 16
VisualStudioVersion = 16.0.29326.143
MinimumVisualStudioVersion = 10.0.40219.1
Project("{FAE04EC0-301F-11D3-BF4B-00C04F79EFBC}") = "BitmapCeviri", "BitmapCeviri\BitmapCeviri.csproj", "{AECB54F2-199E-4A42-83A7-5DA7278BE446}"
EndProject
Global
	GlobalSection(SolutionConfigurationPlatforms) = preSolution
		Debug|Any CPU = Debug|Any CPU
		Release|Any CPU = Release|Any CPU
	EndGlobalSection
	GlobalSection(ProjectConfigurationPlatforms) = postSolution
		{AECB54F2-199E-4A42-83A7-5DA7278BE446}.Debug|Any CPU.ActiveCfg = Debug|Any CPU
		{AECB54F2-199E-4A42-83A7-5DA7278BE446}.Debug|Any CPU.Build.0 = Debug|Any CPU
		{AECB54F2-199E-4A42-83A7-5DA7278BE446}.Release|Any CPU.ActiveCfg = Release|Any CPU
		{AECB54F2-199E-4A42-83A7-5DA7278BE446}.Release|Any CPU.Build.0 = Release|Any CPU
	EndGlobalSection
	GlobalSection(SolutionProperties) = preSolution
		HideSolutionNode = FALSE
	EndGlobalSection
	GlobalSection(ExtensibilityGlobals) = postSolution
		SolutionGuid = {BF103618-F26D-47D0-9B85-D46483970706}
	EndGlobalSection
EndGlobal
